
Microsoft Visual Studio Solution File, Format Version 12.00
# Visual Studio Version 17
VisualStudioVersion = 17.3.32922.545
MinimumVisualStudioVersion = 10.0.40219.1
Project("{FAE04EC0-301F-11D3-BF4B-00C04F79EFBC}") = "BeneficiosCuenta", "BeneficiosCuenta\BeneficiosCuenta.csproj", "{E63DCC82-DFC1-4A0D-A645-9704FB5B7FAF}"
EndProject
Global
	GlobalSection(SolutionConfigurationPlatforms) = preSolution
		Debug|Any CPU = Debug|Any CPU
		Release|Any CPU = Release|Any CPU
	EndGlobalSection
	GlobalSection(ProjectConfigurationPlatforms) = postSolution
		{E63DCC82-DFC1-4A0D-A645-9704FB5B7FAF}.Debug|Any CPU.ActiveCfg = Debug|Any CPU
		{E63DCC82-DFC1-4A0D-A645-9704FB5B7FAF}.Debug|Any CPU.Build.0 = Debug|Any CPU
		{E63DCC82-DFC1-4A0D-A645-9704FB5B7FAF}.Release|Any CPU.ActiveCfg = Release|Any CPU
		{E63DCC82-DFC1-4A0D-A645-9704FB5B7FAF}.Release|Any CPU.Build.0 = Release|Any CPU
	EndGlobalSection
	GlobalSection(SolutionProperties) = preSolution
		HideSolutionNode = FALSE
	EndGlobalSection
	GlobalSection(ExtensibilityGlobals) = postSolution
		SolutionGuid = {50DCF5E9-14B5-4F93-9F36-3AD3449D7A44}
	EndGlobalSection
EndGlobal
